// !$*UTF8*$!
{
	archiveVersion = 1;
	classes = {
	};
	objectVersion = 46;
	objects = {

/* Begin PBXBuildFile section */
		BE0C110017375D27002BD6AC /* SMActionDirector.m in Sources */ = {isa = PBXBuildFile; fileRef = BE0C10FB17375D27002BD6AC /* SMActionDirector.m */; };
		BE0C110117375D27002BD6AC /* SMEvent.m in Sources */ = {isa = PBXBuildFile; fileRef = BE0C10FD17375D27002BD6AC /* SMEvent.m */; };
		BE0C110217375D27002BD6AC /* SMTouch.m in Sources */ = {isa = PBXBuildFile; fileRef = BE0C10FF17375D27002BD6AC /* SMTouch.m */; };
		BE0E07F5172BA63000599EC0 /* Foundation.framework in Frameworks */ = {isa = PBXBuildFile; fileRef = BE0E07F4172BA63000599EC0 /* Foundation.framework */; };
		BE0E07FA172BA63000599EC0 /* TKSmartMonkey.h in CopyFiles */ = {isa = PBXBuildFile; fileRef = BE0E07F9172BA63000599EC0 /* TKSmartMonkey.h */; };
		BE0E07FC172BA63000599EC0 /* TKSmartMonkey.m in Sources */ = {isa = PBXBuildFile; fileRef = BE0E07FB172BA63000599EC0 /* TKSmartMonkey.m */; };
		BE0E080A172BA67C00599EC0 /* SMAlgorithm.m in Sources */ = {isa = PBXBuildFile; fileRef = BE0E0804172BA67C00599EC0 /* SMAlgorithm.m */; };
		BE0E080B172BA67C00599EC0 /* SMSmartMonkey.m in Sources */ = {isa = PBXBuildFile; fileRef = BE0E0807172BA67C00599EC0 /* SMSmartMonkey.m */; };
		BE0E080C172BA67C00599EC0 /* UIView+SMSmartMonkey.m in Sources */ = {isa = PBXBuildFile; fileRef = BE0E0809172BA67C00599EC0 /* UIView+SMSmartMonkey.m */; };
		BE0E0824172BE16A00599EC0 /* UIButton+SMSmartMonkey.m in Sources */ = {isa = PBXBuildFile; fileRef = BE0E0820172BE16A00599EC0 /* UIButton+SMSmartMonkey.m */; };
		BE0E0825172BE16A00599EC0 /* UITextField+SMSmartMonkey.m in Sources */ = {isa = PBXBuildFile; fileRef = BE0E0822172BE16A00599EC0 /* UITextField+SMSmartMonkey.m */; };
		BE5D63D7176B170A004C0317 /* SMAlertView.m in Sources */ = {isa = PBXBuildFile; fileRef = BE5D63CA176B1709004C0317 /* SMAlertView.m */; };
		BE5D63D8176B170A004C0317 /* SMCrashController.m in Sources */ = {isa = PBXBuildFile; fileRef = BE5D63CC176B1709004C0317 /* SMCrashController.m */; };
		BE5D63D9176B170A004C0317 /* SMTapView.m in Sources */ = {isa = PBXBuildFile; fileRef = BE5D63CE176B1709004C0317 /* SMTapView.m */; };
		BE5D63DA176B170A004C0317 /* SMTimeView.m in Sources */ = {isa = PBXBuildFile; fileRef = BE5D63D0176B170A004C0317 /* SMTimeView.m */; };
		BE5D63DB176B170A004C0317 /* UISwitch+SmartMonkey.m in Sources */ = {isa = PBXBuildFile; fileRef = BE5D63D2176B170A004C0317 /* UISwitch+SmartMonkey.m */; };
		BE5D63DC176B170A004C0317 /* UITableView+SmartMonkey.m in Sources */ = {isa = PBXBuildFile; fileRef = BE5D63D4176B170A004C0317 /* UITableView+SmartMonkey.m */; };
		BE5D63DD176B170A004C0317 /* UIWebView+SMSmartMonkey.m in Sources */ = {isa = PBXBuildFile; fileRef = BE5D63D6176B170A004C0317 /* UIWebView+SMSmartMonkey.m */; };
/* End PBXBuildFile section */

/* Begin PBXCopyFilesBuildPhase section */
		BE0E07EF172BA63000599EC0 /* CopyFiles */ = {
			isa = PBXCopyFilesBuildPhase;
			buildActionMask = 2147483647;
			dstPath = "include/${PRODUCT_NAME}";
			dstSubfolderSpec = 16;
			files = (
				BE0E07FA172BA63000599EC0 /* TKSmartMonkey.h in CopyFiles */,
			);
			runOnlyForDeploymentPostprocessing = 0;
		};
/* End PBXCopyFilesBuildPhase section */

/* Begin PBXFileReference section */
		BE0C10FA17375D27002BD6AC /* SMActionDirector.h */ = {isa = PBXFileReference; fileEncoding = 4; lastKnownFileType = sourcecode.c.h; path = SMActionDirector.h; sourceTree = "<group>"; };
		BE0C10FB17375D27002BD6AC /* SMActionDirector.m */ = {isa = PBXFileReference; fileEncoding = 4; lastKnownFileType = sourcecode.c.objc; path = SMActionDirector.m; sourceTree = "<group>"; };
		BE0C10FC17375D27002BD6AC /* SMEvent.h */ = {isa = PBXFileReference; fileEncoding = 4; lastKnownFileType = sourcecode.c.h; path = SMEvent.h; sourceTree = "<group>"; };
		BE0C10FD17375D27002BD6AC /* SMEvent.m */ = {isa = PBXFileReference; fileEncoding = 4; lastKnownFileType = sourcecode.c.objc; path = SMEvent.m; sourceTree = "<group>"; };
		BE0C10FE17375D27002BD6AC /* SMTouch.h */ = {isa = PBXFileReference; fileEncoding = 4; lastKnownFileType = sourcecode.c.h; path = SMTouch.h; sourceTree = "<group>"; };
		BE0C10FF17375D27002BD6AC /* SMTouch.m */ = {isa = PBXFileReference; fileEncoding = 4; lastKnownFileType = sourcecode.c.objc; path = SMTouch.m; sourceTree = "<group>"; };
		BE0E07F1172BA63000599EC0 /* libTKSmartMonkey.a */ = {isa = PBXFileReference; explicitFileType = archive.ar; includeInIndex = 0; path = libTKSmartMonkey.a; sourceTree = BUILT_PRODUCTS_DIR; };
		BE0E07F4172BA63000599EC0 /* Foundation.framework */ = {isa = PBXFileReference; lastKnownFileType = wrapper.framework; name = Foundation.framework; path = System/Library/Frameworks/Foundation.framework; sourceTree = SDKROOT; };
		BE0E07F8172BA63000599EC0 /* TKSmartMonkey-Prefix.pch */ = {isa = PBXFileReference; lastKnownFileType = sourcecode.c.h; path = "TKSmartMonkey-Prefix.pch"; sourceTree = "<group>"; };
		BE0E07F9172BA63000599EC0 /* TKSmartMonkey.h */ = {isa = PBXFileReference; lastKnownFileType = sourcecode.c.h; path = TKSmartMonkey.h; sourceTree = "<group>"; };
		BE0E07FB172BA63000599EC0 /* TKSmartMonkey.m */ = {isa = PBXFileReference; lastKnownFileType = sourcecode.c.objc; path = TKSmartMonkey.m; sourceTree = "<group>"; };
		BE0E0803172BA67C00599EC0 /* SMAlgorithm.h */ = {isa = PBXFileReference; fileEncoding = 4; lastKnownFileType = sourcecode.c.h; path = SMAlgorithm.h; sourceTree = "<group>"; };
		BE0E0804172BA67C00599EC0 /* SMAlgorithm.m */ = {isa = PBXFileReference; fileEncoding = 4; lastKnownFileType = sourcecode.c.objc; path = SMAlgorithm.m; sourceTree = "<group>"; };
		BE0E0805172BA67C00599EC0 /* SMConfig.h */ = {isa = PBXFileReference; fileEncoding = 4; lastKnownFileType = sourcecode.c.h; path = SMConfig.h; sourceTree = "<group>"; };
		BE0E0806172BA67C00599EC0 /* SMSmartMonkey.h */ = {isa = PBXFileReference; fileEncoding = 4; lastKnownFileType = sourcecode.c.h; path = SMSmartMonkey.h; sourceTree = "<group>"; };
		BE0E0807172BA67C00599EC0 /* SMSmartMonkey.m */ = {isa = PBXFileReference; fileEncoding = 4; lastKnownFileType = sourcecode.c.objc; path = SMSmartMonkey.m; sourceTree = "<group>"; };
		BE0E0808172BA67C00599EC0 /* UIView+SMSmartMonkey.h */ = {isa = PBXFileReference; fileEncoding = 4; lastKnownFileType = sourcecode.c.h; path = "UIView+SMSmartMonkey.h"; sourceTree = "<group>"; };
		BE0E0809172BA67C00599EC0 /* UIView+SMSmartMonkey.m */ = {isa = PBXFileReference; fileEncoding = 4; lastKnownFileType = sourcecode.c.objc; path = "UIView+SMSmartMonkey.m"; sourceTree = "<group>"; };
		BE0E081F172BE16A00599EC0 /* UIButton+SMSmartMonkey.h */ = {isa = PBXFileReference; fileEncoding = 4; lastKnownFileType = sourcecode.c.h; path = "UIButton+SMSmartMonkey.h"; sourceTree = "<group>"; };
		BE0E0820172BE16A00599EC0 /* UIButton+SMSmartMonkey.m */ = {isa = PBXFileReference; fileEncoding = 4; lastKnownFileType = sourcecode.c.objc; path = "UIButton+SMSmartMonkey.m"; sourceTree = "<group>"; };
		BE0E0821172BE16A00599EC0 /* UITextField+SMSmartMonkey.h */ = {isa = PBXFileReference; fileEncoding = 4; lastKnownFileType = sourcecode.c.h; path = "UITextField+SMSmartMonkey.h"; sourceTree = "<group>"; };
		BE0E0822172BE16A00599EC0 /* UITextField+SMSmartMonkey.m */ = {isa = PBXFileReference; fileEncoding = 4; lastKnownFileType = sourcecode.c.objc; path = "UITextField+SMSmartMonkey.m"; sourceTree = "<group>"; };
		BE5D63C9176B1709004C0317 /* SMAlertView.h */ = {isa = PBXFileReference; fileEncoding = 4; lastKnownFileType = sourcecode.c.h; path = SMAlertView.h; sourceTree = "<group>"; };
		BE5D63CA176B1709004C0317 /* SMAlertView.m */ = {isa = PBXFileReference; fileEncoding = 4; lastKnownFileType = sourcecode.c.objc; path = SMAlertView.m; sourceTree = "<group>"; };
		BE5D63CB176B1709004C0317 /* SMCrashController.h */ = {isa = PBXFileReference; fileEncoding = 4; lastKnownFileType = sourcecode.c.h; path = SMCrashController.h; sourceTree = "<group>"; };
		BE5D63CC176B1709004C0317 /* SMCrashController.m */ = {isa = PBXFileReference; fileEncoding = 4; lastKnownFileType = sourcecode.c.objc; path = SMCrashController.m; sourceTree = "<group>"; };
		BE5D63CD176B1709004C0317 /* SMTapView.h */ = {isa = PBXFileReference; fileEncoding = 4; lastKnownFileType = sourcecode.c.h; path = SMTapView.h; sourceTree = "<group>"; };
		BE5D63CE176B1709004C0317 /* SMTapView.m */ = {isa = PBXFileReference; fileEncoding = 4; lastKnownFileType = sourcecode.c.objc; path = SMTapView.m; sourceTree = "<group>"; };
		BE5D63CF176B170A004C0317 /* SMTimeView.h */ = {isa = PBXFileReference; fileEncoding = 4; lastKnownFileType = sourcecode.c.h; path = SMTimeView.h; sourceTree = "<group>"; };
		BE5D63D0176B170A004C0317 /* SMTimeView.m */ = {isa = PBXFileReference; fileEncoding = 4; lastKnownFileType = sourcecode.c.objc; path = SMTimeView.m; sourceTree = "<group>"; };
		BE5D63D1176B170A004C0317 /* UISwitch+SmartMonkey.h */ = {isa = PBXFileReference; fileEncoding = 4; lastKnownFileType = sourcecode.c.h; path = "UISwitch+SmartMonkey.h"; sourceTree = "<group>"; };
		BE5D63D2176B170A004C0317 /* UISwitch+SmartMonkey.m */ = {isa = PBXFileReference; fileEncoding = 4; lastKnownFileType = sourcecode.c.objc; path = "UISwitch+SmartMonkey.m"; sourceTree = "<group>"; };
		BE5D63D3176B170A004C0317 /* UITableView+SmartMonkey.h */ = {isa = PBXFileReference; fileEncoding = 4; lastKnownFileType = sourcecode.c.h; path = "UITableView+SmartMonkey.h"; sourceTree = "<group>"; };
		BE5D63D4176B170A004C0317 /* UITableView+SmartMonkey.m */ = {isa = PBXFileReference; fileEncoding = 4; lastKnownFileType = sourcecode.c.objc; path = "UITableView+SmartMonkey.m"; sourceTree = "<group>"; };
		BE5D63D5176B170A004C0317 /* UIWebView+SMSmartMonkey.h */ = {isa = PBXFileReference; fileEncoding = 4; lastKnownFileType = sourcecode.c.h; path = "UIWebView+SMSmartMonkey.h"; sourceTree = "<group>"; };
		BE5D63D6176B170A004C0317 /* UIWebView+SMSmartMonkey.m */ = {isa = PBXFileReference; fileEncoding = 4; lastKnownFileType = sourcecode.c.objc; path = "UIWebView+SMSmartMonkey.m"; sourceTree = "<group>"; };
/* End PBXFileReference section */

/* Begin PBXFrameworksBuildPhase section */
		BE0E07EE172BA63000599EC0 /* Frameworks */ = {
			isa = PBXFrameworksBuildPhase;
			buildActionMask = 2147483647;
			files = (
				BE0E07F5172BA63000599EC0 /* Foundation.framework in Frameworks */,
			);
			runOnlyForDeploymentPostprocessing = 0;
		};
/* End PBXFrameworksBuildPhase section */

/* Begin PBXGroup section */
		BE0E07E8172BA63000599EC0 = {
			isa = PBXGroup;
			children = (
				BE0E07F6172BA63000599EC0 /* TKSmartMonkey */,
				BE0E07F3172BA63000599EC0 /* Frameworks */,
				BE0E07F2172BA63000599EC0 /* Products */,
			);
			sourceTree = "<group>";
		};
		BE0E07F2172BA63000599EC0 /* Products */ = {
			isa = PBXGroup;
			children = (
				BE0E07F1172BA63000599EC0 /* libTKSmartMonkey.a */,
			);
			name = Products;
			sourceTree = "<group>";
		};
		BE0E07F3172BA63000599EC0 /* Frameworks */ = {
			isa = PBXGroup;
			children = (
				BE0E07F4172BA63000599EC0 /* Foundation.framework */,
			);
			name = Frameworks;
			sourceTree = "<group>";
		};
		BE0E07F6172BA63000599EC0 /* TKSmartMonkey */ = {
			isa = PBXGroup;
			children = (
				BE0E0802172BA67C00599EC0 /* SmartMonkey */,
				BE0E07F9172BA63000599EC0 /* TKSmartMonkey.h */,
				BE0E07FB172BA63000599EC0 /* TKSmartMonkey.m */,
				BE0E07F7172BA63000599EC0 /* Supporting Files */,
			);
			path = TKSmartMonkey;
			sourceTree = "<group>";
		};
		BE0E07F7172BA63000599EC0 /* Supporting Files */ = {
			isa = PBXGroup;
			children = (
				BE0E07F8172BA63000599EC0 /* TKSmartMonkey-Prefix.pch */,
			);
			name = "Supporting Files";
			sourceTree = "<group>";
		};
		BE0E0802172BA67C00599EC0 /* SmartMonkey */ = {
			isa = PBXGroup;
			children = (
				BE5D63C9176B1709004C0317 /* SMAlertView.h */,
				BE5D63CA176B1709004C0317 /* SMAlertView.m */,
				BE5D63CB176B1709004C0317 /* SMCrashController.h */,
				BE5D63CC176B1709004C0317 /* SMCrashController.m */,
				BE5D63CD176B1709004C0317 /* SMTapView.h */,
				BE5D63CE176B1709004C0317 /* SMTapView.m */,
				BE5D63CF176B170A004C0317 /* SMTimeView.h */,
				BE5D63D0176B170A004C0317 /* SMTimeView.m */,
				BE5D63D1176B170A004C0317 /* UISwitch+SmartMonkey.h */,
				BE5D63D2176B170A004C0317 /* UISwitch+SmartMonkey.m */,
				BE5D63D3176B170A004C0317 /* UITableView+SmartMonkey.h */,
				BE5D63D4176B170A004C0317 /* UITableView+SmartMonkey.m */,
				BE5D63D5176B170A004C0317 /* UIWebView+SMSmartMonkey.h */,
				BE5D63D6176B170A004C0317 /* UIWebView+SMSmartMonkey.m */,
				BE0C10FA17375D27002BD6AC /* SMActionDirector.h */,
				BE0C10FB17375D27002BD6AC /* SMActionDirector.m */,
				BE0C10FC17375D27002BD6AC /* SMEvent.h */,
				BE0C10FD17375D27002BD6AC /* SMEvent.m */,
				BE0C10FE17375D27002BD6AC /* SMTouch.h */,
				BE0C10FF17375D27002BD6AC /* SMTouch.m */,
				BE0E0803172BA67C00599EC0 /* SMAlgorithm.h */,
				BE0E0804172BA67C00599EC0 /* SMAlgorithm.m */,
				BE0E0805172BA67C00599EC0 /* SMConfig.h */,
				BE0E0806172BA67C00599EC0 /* SMSmartMonkey.h */,
				BE0E0807172BA67C00599EC0 /* SMSmartMonkey.m */,
				BE0E081F172BE16A00599EC0 /* UIButton+SMSmartMonkey.h */,
				BE0E0820172BE16A00599EC0 /* UIButton+SMSmartMonkey.m */,
				BE0E0821172BE16A00599EC0 /* UITextField+SMSmartMonkey.h */,
				BE0E0822172BE16A00599EC0 /* UITextField+SMSmartMonkey.m */,
				BE0E0808172BA67C00599EC0 /* UIView+SMSmartMonkey.h */,
				BE0E0809172BA67C00599EC0 /* UIView+SMSmartMonkey.m */,
			);
			path = SmartMonkey;
			sourceTree = "<group>";
		};
/* End PBXGroup section */

/* Begin PBXNativeTarget section */
		BE0E07F0172BA63000599EC0 /* TKSmartMonkey */ = {
			isa = PBXNativeTarget;
			buildConfigurationList = BE0E07FF172BA63000599EC0 /* Build configuration list for PBXNativeTarget "TKSmartMonkey" */;
			buildPhases = (
				BE0E07ED172BA63000599EC0 /* Sources */,
				BE0E07EE172BA63000599EC0 /* Frameworks */,
				BE0E07EF172BA63000599EC0 /* CopyFiles */,
			);
			buildRules = (
			);
			dependencies = (
			);
			name = TKSmartMonkey;
			productName = TKSmartMonkey;
			productReference = BE0E07F1172BA63000599EC0 /* libTKSmartMonkey.a */;
			productType = "com.apple.product-type.library.static";
		};
/* End PBXNativeTarget section */

/* Begin PBXProject section */
		BE0E07E9172BA63000599EC0 /* Project object */ = {
			isa = PBXProject;
			attributes = {
				LastUpgradeCheck = 0460;
				ORGANIZATIONNAME = BaiduMobile;
			};
			buildConfigurationList = BE0E07EC172BA63000599EC0 /* Build configuration list for PBXProject "TKSmartMonkey" */;
			compatibilityVersion = "Xcode 3.2";
			developmentRegion = English;
			hasScannedForEncodings = 0;
			knownRegions = (
				en,
			);
			mainGroup = BE0E07E8172BA63000599EC0;
			productRefGroup = BE0E07F2172BA63000599EC0 /* Products */;
			projectDirPath = "";
			projectRoot = "";
			targets = (
				BE0E07F0172BA63000599EC0 /* TKSmartMonkey */,
			);
		};
/* End PBXProject section */

/* Begin PBXSourcesBuildPhase section */
		BE0E07ED172BA63000599EC0 /* Sources */ = {
			isa = PBXSourcesBuildPhase;
			buildActionMask = 2147483647;
			files = (
				BE0E07FC172BA63000599EC0 /* TKSmartMonkey.m in Sources */,
				BE0E080A172BA67C00599EC0 /* SMAlgorithm.m in Sources */,
				BE0E080B172BA67C00599EC0 /* SMSmartMonkey.m in Sources */,
				BE0E080C172BA67C00599EC0 /* UIView+SMSmartMonkey.m in Sources */,
				BE0E0824172BE16A00599EC0 /* UIButton+SMSmartMonkey.m in Sources */,
				BE0E0825172BE16A00599EC0 /* UITextField+SMSmartMonkey.m in Sources */,
				BE0C110017375D27002BD6AC /* SMActionDirector.m in Sources */,
				BE0C110117375D27002BD6AC /* SMEvent.m in Sources */,
				BE0C110217375D27002BD6AC /* SMTouch.m in Sources */,
				BE5D63D7176B170A004C0317 /* SMAlertView.m in Sources */,
				BE5D63D8176B170A004C0317 /* SMCrashController.m in Sources */,
				BE5D63D9176B170A004C0317 /* SMTapView.m in Sources */,
				BE5D63DA176B170A004C0317 /* SMTimeView.m in Sources */,
				BE5D63DB176B170A004C0317 /* UISwitch+SmartMonkey.m in Sources */,
				BE5D63DC176B170A004C0317 /* UITableView+SmartMonkey.m in Sources */,
				BE5D63DD176B170A004C0317 /* UIWebView+SMSmartMonkey.m in Sources */,
			);
			runOnlyForDeploymentPostprocessing = 0;
		};
/* End PBXSourcesBuildPhase section */

/* Begin XCBuildConfiguration section */
		BE0E07FD172BA63000599EC0 /* Debug */ = {
			isa = XCBuildConfiguration;
			buildSettings = {
				ALWAYS_SEARCH_USER_PATHS = NO;
				CLANG_CXX_LANGUAGE_STANDARD = "gnu++0x";
				CLANG_CXX_LIBRARY = "libc++";
				CLANG_WARN_CONSTANT_CONVERSION = YES;
				CLANG_WARN_EMPTY_BODY = YES;
				CLANG_WARN_ENUM_CONVERSION = YES;
				CLANG_WARN_INT_CONVERSION = YES;
				CLANG_WARN__DUPLICATE_METHOD_MATCH = YES;
				COPY_PHASE_STRIP = NO;
				GCC_C_LANGUAGE_STANDARD = gnu99;
				GCC_DYNAMIC_NO_PIC = NO;
				GCC_OPTIMIZATION_LEVEL = 0;
				GCC_PREPROCESSOR_DEFINITIONS = (
					"DEBUG=1",
					"$(inherited)",
				);
				GCC_SYMBOLS_PRIVATE_EXTERN = NO;
				GCC_WARN_ABOUT_RETURN_TYPE = YES;
				GCC_WARN_UNINITIALIZED_AUTOS = YES;
				GCC_WARN_UNUSED_VARIABLE = YES;
				IPHONEOS_DEPLOYMENT_TARGET = 6.1;
				ONLY_ACTIVE_ARCH = YES;
				SDKROOT = iphoneos;
			};
			name = Debug;
		};
		BE0E07FE172BA63000599EC0 /* Release */ = {
			isa = XCBuildConfiguration;
			buildSettings = {
				ALWAYS_SEARCH_USER_PATHS = NO;
				CLANG_CXX_LANGUAGE_STANDARD = "gnu++0x";
				CLANG_CXX_LIBRARY = "libc++";
				CLANG_WARN_CONSTANT_CONVERSION = YES;
				CLANG_WARN_EMPTY_BODY = YES;
				CLANG_WARN_ENUM_CONVERSION = YES;
				CLANG_WARN_INT_CONVERSION = YES;
				CLANG_WARN__DUPLICATE_METHOD_MATCH = YES;
				COPY_PHASE_STRIP = YES;
				GCC_C_LANGUAGE_STANDARD = gnu99;
				GCC_WARN_ABOUT_RETURN_TYPE = YES;
				GCC_WARN_UNINITIALIZED_AUTOS = YES;
				GCC_WARN_UNUSED_VARIABLE = YES;
				IPHONEOS_DEPLOYMENT_TARGET = 6.1;
				SDKROOT = iphoneos;
				VALIDATE_PRODUCT = YES;
			};
			name = Release;
		};
		BE0E0800172BA63000599EC0 /* Debug */ = {
			isa = XCBuildConfiguration;
			buildSettings = {
				DSTROOT = /tmp/TKSmartMonkey.dst;
				GCC_PRECOMPILE_PREFIX_HEADER = YES;
				GCC_PREFIX_HEADER = "TKSmartMonkey/TKSmartMonkey-Prefix.pch";
				OTHER_LDFLAGS = "-ObjC";
				PRODUCT_NAME = "$(TARGET_NAME)";
				SKIP_INSTALL = YES;
			};
			name = Debug;
		};
		BE0E0801172BA63000599EC0 /* Release */ = {
			isa = XCBuildConfiguration;
			buildSettings = {
				DSTROOT = /tmp/TKSmartMonkey.dst;
				GCC_PRECOMPILE_PREFIX_HEADER = YES;
				GCC_PREFIX_HEADER = "TKSmartMonkey/TKSmartMonkey-Prefix.pch";
				OTHER_LDFLAGS = "-ObjC";
				PRODUCT_NAME = "$(TARGET_NAME)";
				SKIP_INSTALL = YES;
			};
			name = Release;
		};
/* End XCBuildConfiguration section */

/* Begin XCConfigurationList section */
		BE0E07EC172BA63000599EC0 /* Build configuration list for PBXProject "TKSmartMonkey" */ = {
			isa = XCConfigurationList;
			buildConfigurations = (
				BE0E07FD172BA63000599EC0 /* Debug */,
				BE0E07FE172BA63000599EC0 /* Release */,
			);
			defaultConfigurationIsVisible = 0;
			defaultConfigurationName = Release;
		};
		BE0E07FF172BA63000599EC0 /* Build configuration list for PBXNativeTarget "TKSmartMonkey" */ = {
			isa = XCConfigurationList;
			buildConfigurations = (
				BE0E0800172BA63000599EC0 /* Debug */,
				BE0E0801172BA63000599EC0 /* Release */,
			);
			defaultConfigurationIsVisible = 0;
			defaultConfigurationName = Release;
		};
/* End XCConfigurationList section */
	};
	rootObject = BE0E07E9172BA63000599EC0 /* Project object */;
}
